
Microsoft Visual Studio Solution File, Format Version 12.00
# Visual Studio 14
VisualStudioVersion = 14.0.25420.1
MinimumVisualStudioVersion = 10.0.40219.1
Project("{FAE04EC0-301F-11D3-BF4B-00C04F79EFBC}") = "Nebula.Shared", "Nebula\Nebula.Shared.csproj", "{1049C72A-0C09-45BE-B3D3-59CBE213F8EE}"
EndProject
Project("{FAE04EC0-301F-11D3-BF4B-00C04F79EFBC}") = "Nebula.Server", "NebulaServer\Nebula.Server.csproj", "{F32EBF2A-505B-4137-A661-B5EF01C17977}"
EndProject
Project("{FAE04EC0-301F-11D3-BF4B-00C04F79EFBC}") = "Nebula.Client", "NebulaClient\Nebula.Client.csproj", "{97FCEA28-CA3D-4A93-BCDD-EDBD161C99B9}"
EndProject
Project("{FAE04EC0-301F-11D3-BF4B-00C04F79EFBC}") = "Nebula.Server.WpfGui", "Nebula.Server.WpfGui\Nebula.Server.WpfGui.csproj", "{ABCD6501-F587-4FFB-A6F8-3E8653EA431E}"
EndProject
Global
	GlobalSection(SolutionConfigurationPlatforms) = preSolution
		Debug|Any CPU = Debug|Any CPU
		Release|Any CPU = Release|Any CPU
	EndGlobalSection
	GlobalSection(ProjectConfigurationPlatforms) = postSolution
		{1049C72A-0C09-45BE-B3D3-59CBE213F8EE}.Debug|Any CPU.ActiveCfg = Debug|Any CPU
		{1049C72A-0C09-45BE-B3D3-59CBE213F8EE}.Debug|Any CPU.Build.0 = Debug|Any CPU
		{1049C72A-0C09-45BE-B3D3-59CBE213F8EE}.Release|Any CPU.ActiveCfg = Release|Any CPU
		{1049C72A-0C09-45BE-B3D3-59CBE213F8EE}.Release|Any CPU.Build.0 = Release|Any CPU
		{F32EBF2A-505B-4137-A661-B5EF01C17977}.Debug|Any CPU.ActiveCfg = Debug|Any CPU
		{F32EBF2A-505B-4137-A661-B5EF01C17977}.Debug|Any CPU.Build.0 = Debug|Any CPU
		{F32EBF2A-505B-4137-A661-B5EF01C17977}.Release|Any CPU.ActiveCfg = Release|Any CPU
		{F32EBF2A-505B-4137-A661-B5EF01C17977}.Release|Any CPU.Build.0 = Release|Any CPU
		{97FCEA28-CA3D-4A93-BCDD-EDBD161C99B9}.Debug|Any CPU.ActiveCfg = Debug|Any CPU
		{97FCEA28-CA3D-4A93-BCDD-EDBD161C99B9}.Debug|Any CPU.Build.0 = Debug|Any CPU
		{97FCEA28-CA3D-4A93-BCDD-EDBD161C99B9}.Release|Any CPU.ActiveCfg = Release|Any CPU
		{97FCEA28-CA3D-4A93-BCDD-EDBD161C99B9}.Release|Any CPU.Build.0 = Release|Any CPU
		{ABCD6501-F587-4FFB-A6F8-3E8653EA431E}.Debug|Any CPU.ActiveCfg = Debug|Any CPU
		{ABCD6501-F587-4FFB-A6F8-3E8653EA431E}.Debug|Any CPU.Build.0 = Debug|Any CPU
		{ABCD6501-F587-4FFB-A6F8-3E8653EA431E}.Release|Any CPU.ActiveCfg = Release|Any CPU
		{ABCD6501-F587-4FFB-A6F8-3E8653EA431E}.Release|Any CPU.Build.0 = Release|Any CPU
	EndGlobalSection
	GlobalSection(SolutionProperties) = preSolution
		HideSolutionNode = FALSE
	EndGlobalSection
EndGlobal
