
Microsoft Visual Studio Solution File, Format Version 12.00
# Visual Studio 14
VisualStudioVersion = 14.0.25420.1
MinimumVisualStudioVersion = 10.0.40219.1
Project("{FAE04EC0-301F-11D3-BF4B-00C04F79EFBC}") = "Nebula.Shared", "Nebula\Nebula.Shared.csproj", "{1049C72A-0C09-45BE-B3D3-59CBE213F8EE}"
EndProject
Project("{FAE04EC0-301F-11D3-BF4B-00C04F79EFBC}") = "Nebula.Client", "NebulaClient\Nebula.Client.csproj", "{97FCEA28-CA3D-4A93-BCDD-EDBD161C99B9}"
	ProjectSection(ProjectDependencies) = postProject
		{CF30983E-DA08-4ADB-9FEA-58E1E50E6FA1} = {CF30983E-DA08-4ADB-9FEA-58E1E50E6FA1}
	EndProjectSection
EndProject
Project("{FAE04EC0-301F-11D3-BF4B-00C04F79EFBC}") = "Nebula.Server.WpfGui", "Nebula.Server.WpfGui\Nebula.Server.WpfGui.csproj", "{ABCD6501-F587-4FFB-A6F8-3E8653EA431E}"
EndProject
Project("{FAE04EC0-301F-11D3-BF4B-00C04F79EFBC}") = "Nebula.Service", "Nebula.Service\Nebula.Service.csproj", "{32052B33-44B3-4FDC-B17B-E311571FD370}"
EndProject
Project("{FAE04EC0-301F-11D3-BF4B-00C04F79EFBC}") = "REPL", "REPL\REPL.csproj", "{190F4640-C8EA-4597-8BED-67EE95441F7F}"
EndProject
Project("{FAE04EC0-301F-11D3-BF4B-00C04F79EFBC}") = "Nebula.Modules.Repl", "Nebula.Modules.Repl\Nebula.Modules.Repl.csproj", "{CF30983E-DA08-4ADB-9FEA-58E1E50E6FA1}"
EndProject
Global
	GlobalSection(SolutionConfigurationPlatforms) = preSolution
		Debug|Any CPU = Debug|Any CPU
		Release|Any CPU = Release|Any CPU
	EndGlobalSection
	GlobalSection(ProjectConfigurationPlatforms) = postSolution
		{1049C72A-0C09-45BE-B3D3-59CBE213F8EE}.Debug|Any CPU.ActiveCfg = Debug|Any CPU
		{1049C72A-0C09-45BE-B3D3-59CBE213F8EE}.Debug|Any CPU.Build.0 = Debug|Any CPU
		{1049C72A-0C09-45BE-B3D3-59CBE213F8EE}.Release|Any CPU.ActiveCfg = Release|Any CPU
		{1049C72A-0C09-45BE-B3D3-59CBE213F8EE}.Release|Any CPU.Build.0 = Release|Any CPU
		{97FCEA28-CA3D-4A93-BCDD-EDBD161C99B9}.Debug|Any CPU.ActiveCfg = Debug|Any CPU
		{97FCEA28-CA3D-4A93-BCDD-EDBD161C99B9}.Debug|Any CPU.Build.0 = Debug|Any CPU
		{97FCEA28-CA3D-4A93-BCDD-EDBD161C99B9}.Release|Any CPU.ActiveCfg = Release|Any CPU
		{97FCEA28-CA3D-4A93-BCDD-EDBD161C99B9}.Release|Any CPU.Build.0 = Release|Any CPU
		{ABCD6501-F587-4FFB-A6F8-3E8653EA431E}.Debug|Any CPU.ActiveCfg = Debug|Any CPU
		{ABCD6501-F587-4FFB-A6F8-3E8653EA431E}.Debug|Any CPU.Build.0 = Debug|Any CPU
		{ABCD6501-F587-4FFB-A6F8-3E8653EA431E}.Release|Any CPU.ActiveCfg = Release|Any CPU
		{ABCD6501-F587-4FFB-A6F8-3E8653EA431E}.Release|Any CPU.Build.0 = Release|Any CPU
		{32052B33-44B3-4FDC-B17B-E311571FD370}.Debug|Any CPU.ActiveCfg = Debug|Any CPU
		{32052B33-44B3-4FDC-B17B-E311571FD370}.Debug|Any CPU.Build.0 = Debug|Any CPU
		{32052B33-44B3-4FDC-B17B-E311571FD370}.Release|Any CPU.ActiveCfg = Release|Any CPU
		{32052B33-44B3-4FDC-B17B-E311571FD370}.Release|Any CPU.Build.0 = Release|Any CPU
		{190F4640-C8EA-4597-8BED-67EE95441F7F}.Debug|Any CPU.ActiveCfg = Debug|Any CPU
		{190F4640-C8EA-4597-8BED-67EE95441F7F}.Debug|Any CPU.Build.0 = Debug|Any CPU
		{190F4640-C8EA-4597-8BED-67EE95441F7F}.Release|Any CPU.ActiveCfg = Release|Any CPU
		{190F4640-C8EA-4597-8BED-67EE95441F7F}.Release|Any CPU.Build.0 = Release|Any CPU
		{CF30983E-DA08-4ADB-9FEA-58E1E50E6FA1}.Debug|Any CPU.ActiveCfg = Debug|Any CPU
		{CF30983E-DA08-4ADB-9FEA-58E1E50E6FA1}.Debug|Any CPU.Build.0 = Debug|Any CPU
		{CF30983E-DA08-4ADB-9FEA-58E1E50E6FA1}.Release|Any CPU.ActiveCfg = Release|Any CPU
		{CF30983E-DA08-4ADB-9FEA-58E1E50E6FA1}.Release|Any CPU.Build.0 = Release|Any CPU
	EndGlobalSection
	GlobalSection(SolutionProperties) = preSolution
		HideSolutionNode = FALSE
	EndGlobalSection
EndGlobal
