
Microsoft Visual Studio Solution File, Format Version 12.00
# Visual Studio 15
VisualStudioVersion = 15.0.26228.10
MinimumVisualStudioVersion = 10.0.40219.1
Project("{FAE04EC0-301F-11D3-BF4B-00C04F79EFBC}") = "Nebula.Shared", "Nebula\Nebula.Shared.csproj", "{1049C72A-0C09-45BE-B3D3-59CBE213F8EE}"
EndProject
Project("{FAE04EC0-301F-11D3-BF4B-00C04F79EFBC}") = "Nebula.Client", "NebulaClient\Nebula.Client.csproj", "{97FCEA28-CA3D-4A93-BCDD-EDBD161C99B9}"
	ProjectSection(ProjectDependencies) = postProject
		{CF30983E-DA08-4ADB-9FEA-58E1E50E6FA1} = {CF30983E-DA08-4ADB-9FEA-58E1E50E6FA1}
	EndProjectSection
EndProject
Project("{FAE04EC0-301F-11D3-BF4B-00C04F79EFBC}") = "Nebula.Server.WpfGui", "Nebula.Server.WpfGui\Nebula.Server.WpfGui.csproj", "{ABCD6501-F587-4FFB-A6F8-3E8653EA431E}"
EndProject
Project("{FAE04EC0-301F-11D3-BF4B-00C04F79EFBC}") = "REPL", "REPL\REPL.csproj", "{190F4640-C8EA-4597-8BED-67EE95441F7F}"
EndProject
Project("{FAE04EC0-301F-11D3-BF4B-00C04F79EFBC}") = "Nebula.Modules.Repl", "Nebula.Modules.Repl\Nebula.Modules.Repl.csproj", "{CF30983E-DA08-4ADB-9FEA-58E1E50E6FA1}"
EndProject
Project("{FAE04EC0-301F-11D3-BF4B-00C04F79EFBC}") = "Nebula.Core", "Nebula.Core\Nebula.Core.csproj", "{2B92DA38-07A6-46B0-941C-05E316040C1A}"
EndProject
Project("{FAE04EC0-301F-11D3-BF4B-00C04F79EFBC}") = "Nebula.MasterServer", "Nebula.MasterServer\Nebula.MasterServer.csproj", "{F556B9DA-EEAA-4ACF-9D15-E4E8E3F5C35C}"
EndProject
Project("{FAE04EC0-301F-11D3-BF4B-00C04F79EFBC}") = "Nebula.NodeServer", "Nebula.NodeServer\Nebula.NodeServer.csproj", "{C5796136-7C02-416D-A2C0-057C53D8AF78}"
EndProject
Global
	GlobalSection(SolutionConfigurationPlatforms) = preSolution
		Debug|Any CPU = Debug|Any CPU
		Release|Any CPU = Release|Any CPU
	EndGlobalSection
	GlobalSection(ProjectConfigurationPlatforms) = postSolution
		{1049C72A-0C09-45BE-B3D3-59CBE213F8EE}.Debug|Any CPU.ActiveCfg = Debug|Any CPU
		{1049C72A-0C09-45BE-B3D3-59CBE213F8EE}.Debug|Any CPU.Build.0 = Debug|Any CPU
		{1049C72A-0C09-45BE-B3D3-59CBE213F8EE}.Release|Any CPU.ActiveCfg = Release|Any CPU
		{1049C72A-0C09-45BE-B3D3-59CBE213F8EE}.Release|Any CPU.Build.0 = Release|Any CPU
		{97FCEA28-CA3D-4A93-BCDD-EDBD161C99B9}.Debug|Any CPU.ActiveCfg = Debug|Any CPU
		{97FCEA28-CA3D-4A93-BCDD-EDBD161C99B9}.Debug|Any CPU.Build.0 = Debug|Any CPU
		{97FCEA28-CA3D-4A93-BCDD-EDBD161C99B9}.Release|Any CPU.ActiveCfg = Release|Any CPU
		{97FCEA28-CA3D-4A93-BCDD-EDBD161C99B9}.Release|Any CPU.Build.0 = Release|Any CPU
		{ABCD6501-F587-4FFB-A6F8-3E8653EA431E}.Debug|Any CPU.ActiveCfg = Debug|Any CPU
		{ABCD6501-F587-4FFB-A6F8-3E8653EA431E}.Debug|Any CPU.Build.0 = Debug|Any CPU
		{ABCD6501-F587-4FFB-A6F8-3E8653EA431E}.Release|Any CPU.ActiveCfg = Release|Any CPU
		{ABCD6501-F587-4FFB-A6F8-3E8653EA431E}.Release|Any CPU.Build.0 = Release|Any CPU
		{190F4640-C8EA-4597-8BED-67EE95441F7F}.Debug|Any CPU.ActiveCfg = Debug|Any CPU
		{190F4640-C8EA-4597-8BED-67EE95441F7F}.Debug|Any CPU.Build.0 = Debug|Any CPU
		{190F4640-C8EA-4597-8BED-67EE95441F7F}.Release|Any CPU.ActiveCfg = Release|Any CPU
		{190F4640-C8EA-4597-8BED-67EE95441F7F}.Release|Any CPU.Build.0 = Release|Any CPU
		{CF30983E-DA08-4ADB-9FEA-58E1E50E6FA1}.Debug|Any CPU.ActiveCfg = Debug|Any CPU
		{CF30983E-DA08-4ADB-9FEA-58E1E50E6FA1}.Debug|Any CPU.Build.0 = Debug|Any CPU
		{CF30983E-DA08-4ADB-9FEA-58E1E50E6FA1}.Release|Any CPU.ActiveCfg = Release|Any CPU
		{CF30983E-DA08-4ADB-9FEA-58E1E50E6FA1}.Release|Any CPU.Build.0 = Release|Any CPU
		{2B92DA38-07A6-46B0-941C-05E316040C1A}.Debug|Any CPU.ActiveCfg = Debug|Any CPU
		{2B92DA38-07A6-46B0-941C-05E316040C1A}.Debug|Any CPU.Build.0 = Debug|Any CPU
		{2B92DA38-07A6-46B0-941C-05E316040C1A}.Release|Any CPU.ActiveCfg = Release|Any CPU
		{2B92DA38-07A6-46B0-941C-05E316040C1A}.Release|Any CPU.Build.0 = Release|Any CPU
		{F556B9DA-EEAA-4ACF-9D15-E4E8E3F5C35C}.Debug|Any CPU.ActiveCfg = Debug|Any CPU
		{F556B9DA-EEAA-4ACF-9D15-E4E8E3F5C35C}.Debug|Any CPU.Build.0 = Debug|Any CPU
		{F556B9DA-EEAA-4ACF-9D15-E4E8E3F5C35C}.Release|Any CPU.ActiveCfg = Release|Any CPU
		{F556B9DA-EEAA-4ACF-9D15-E4E8E3F5C35C}.Release|Any CPU.Build.0 = Release|Any CPU
		{C5796136-7C02-416D-A2C0-057C53D8AF78}.Debug|Any CPU.ActiveCfg = Debug|Any CPU
		{C5796136-7C02-416D-A2C0-057C53D8AF78}.Debug|Any CPU.Build.0 = Debug|Any CPU
		{C5796136-7C02-416D-A2C0-057C53D8AF78}.Release|Any CPU.ActiveCfg = Release|Any CPU
		{C5796136-7C02-416D-A2C0-057C53D8AF78}.Release|Any CPU.Build.0 = Release|Any CPU
	EndGlobalSection
	GlobalSection(SolutionProperties) = preSolution
		HideSolutionNode = FALSE
	EndGlobalSection
EndGlobal
